
Microsoft Visual Studio Solution File, Format Version 12.00
# Visual Studio Version 16
VisualStudioVersion = 16.0.29215.179
MinimumVisualStudioVersion = 10.0.40219.1
Project("{F184B08F-C81C-45F6-A57F-5ABD9991F28F}") = "Hotkey Examples", "Hotkey Examples.vbproj", "{AB2945FE-5294-4085-8A81-AB631B207F50}"
EndProject
Global
	GlobalSection(SolutionConfigurationPlatforms) = preSolution
		Debug|Any CPU = Debug|Any CPU
		Release|Any CPU = Release|Any CPU
	EndGlobalSection
	GlobalSection(ProjectConfigurationPlatforms) = postSolution
		{AB2945FE-5294-4085-8A81-AB631B207F50}.Debug|Any CPU.ActiveCfg = Debug|Any CPU
		{AB2945FE-5294-4085-8A81-AB631B207F50}.Debug|Any CPU.Build.0 = Debug|Any CPU
		{AB2945FE-5294-4085-8A81-AB631B207F50}.Release|Any CPU.ActiveCfg = Release|Any CPU
		{AB2945FE-5294-4085-8A81-AB631B207F50}.Release|Any CPU.Build.0 = Release|Any CPU
	EndGlobalSection
	GlobalSection(SolutionProperties) = preSolution
		HideSolutionNode = FALSE
	EndGlobalSection
	GlobalSection(ExtensibilityGlobals) = postSolution
		SolutionGuid = {44E8C253-2384-4E7D-A633-75185A46240B}
	EndGlobalSection
EndGlobal
