
Microsoft Visual Studio Solution File, Format Version 12.00
# Visual Studio Version 16
VisualStudioVersion = 16.0.29215.179
MinimumVisualStudioVersion = 10.0.40219.1
Project("{F184B08F-C81C-45F6-A57F-5ABD9991F28F}") = "Lists Example", "Lists Example.vbproj", "{1BECEB6B-D2EE-46A2-B70D-211232B6EDD9}"
EndProject
Global
	GlobalSection(SolutionConfigurationPlatforms) = preSolution
		Debug|Any CPU = Debug|Any CPU
		Release|Any CPU = Release|Any CPU
	EndGlobalSection
	GlobalSection(ProjectConfigurationPlatforms) = postSolution
		{1BECEB6B-D2EE-46A2-B70D-211232B6EDD9}.Debug|Any CPU.ActiveCfg = Debug|Any CPU
		{1BECEB6B-D2EE-46A2-B70D-211232B6EDD9}.Debug|Any CPU.Build.0 = Debug|Any CPU
		{1BECEB6B-D2EE-46A2-B70D-211232B6EDD9}.Release|Any CPU.ActiveCfg = Release|Any CPU
		{1BECEB6B-D2EE-46A2-B70D-211232B6EDD9}.Release|Any CPU.Build.0 = Release|Any CPU
	EndGlobalSection
	GlobalSection(SolutionProperties) = preSolution
		HideSolutionNode = FALSE
	EndGlobalSection
	GlobalSection(ExtensibilityGlobals) = postSolution
		SolutionGuid = {3B1D6DD4-FD18-4BF9-919C-EB1F4E585417}
	EndGlobalSection
EndGlobal
